
Microsoft Visual Studio Solution File, Format Version 12.00
# Visual Studio 14
VisualStudioVersion = 14.0.25420.1
MinimumVisualStudioVersion = 10.0.40219.1
Project("{FAE04EC0-301F-11D3-BF4B-00C04F79EFBC}") = "NuGetProjectManager.GUI", "NuGetProjectManager.GUI\NuGetProjectManager.GUI.csproj", "{9CC63CC8-39AC-4746-B0B8-86B7E7DDBE8C}"
EndProject
Project("{FAE04EC0-301F-11D3-BF4B-00C04F79EFBC}") = "NuGetProjectManager.Core", "NuGetProjectManager.Core\NuGetProjectManager.Core.csproj", "{2A23B41B-7331-4EC4-9E4E-9AEBECEA1C3D}"
EndProject
Global
	GlobalSection(SolutionConfigurationPlatforms) = preSolution
		Debug|Any CPU = Debug|Any CPU
		Release|Any CPU = Release|Any CPU
	EndGlobalSection
	GlobalSection(ProjectConfigurationPlatforms) = postSolution
		{9CC63CC8-39AC-4746-B0B8-86B7E7DDBE8C}.Debug|Any CPU.ActiveCfg = Debug|Any CPU
		{9CC63CC8-39AC-4746-B0B8-86B7E7DDBE8C}.Debug|Any CPU.Build.0 = Debug|Any CPU
		{9CC63CC8-39AC-4746-B0B8-86B7E7DDBE8C}.Release|Any CPU.ActiveCfg = Release|Any CPU
		{9CC63CC8-39AC-4746-B0B8-86B7E7DDBE8C}.Release|Any CPU.Build.0 = Release|Any CPU
		{2A23B41B-7331-4EC4-9E4E-9AEBECEA1C3D}.Debug|Any CPU.ActiveCfg = Debug|Any CPU
		{2A23B41B-7331-4EC4-9E4E-9AEBECEA1C3D}.Debug|Any CPU.Build.0 = Debug|Any CPU
		{2A23B41B-7331-4EC4-9E4E-9AEBECEA1C3D}.Release|Any CPU.ActiveCfg = Release|Any CPU
		{2A23B41B-7331-4EC4-9E4E-9AEBECEA1C3D}.Release|Any CPU.Build.0 = Release|Any CPU
	EndGlobalSection
	GlobalSection(SolutionProperties) = preSolution
		HideSolutionNode = FALSE
	EndGlobalSection
EndGlobal
